// !$*UTF8*$!
{
	archiveVersion = 1;
	classes = {
	};
	objectVersion = 51;
	objects = {

/* Begin PBXBuildFile section */
		7408F31303D6B7D95DCA61BA /* Pods_CampApp.framework in Frameworks */ = {isa = PBXBuildFile; fileRef = C27538BF6964BED60F1E7C58 /* Pods_CampApp.framework */; };
		AE25B1AB26C65D4D00577B92 /* BottomTabView.swift in Sources */ = {isa = PBXBuildFile; fileRef = AE25B1AA26C65D4D00577B92 /* BottomTabView.swift */; };
		AE25B1AE26C6620400577B92 /* CampsView.swift in Sources */ = {isa = PBXBuildFile; fileRef = AE25B1AD26C6620400577B92 /* CampsView.swift */; };
		AE25B1B126C6622F00577B92 /* UserPersonalView.swift in Sources */ = {isa = PBXBuildFile; fileRef = AE25B1B026C6622F00577B92 /* UserPersonalView.swift */; };
		AE80C7EB26D3F5B000D22261 /* User.swift in Sources */ = {isa = PBXBuildFile; fileRef = AE80C7EA26D3F5B000D22261 /* User.swift */; };
		AED598C126C3B1C50006FEC0 /* AppDelegate.swift in Sources */ = {isa = PBXBuildFile; fileRef = AED598C026C3B1C50006FEC0 /* AppDelegate.swift */; };
		AED598C326C3B1C50006FEC0 /* SceneDelegate.swift in Sources */ = {isa = PBXBuildFile; fileRef = AED598C226C3B1C50006FEC0 /* SceneDelegate.swift */; };
		AED598C526C3B1C50006FEC0 /* ContentView.swift in Sources */ = {isa = PBXBuildFile; fileRef = AED598C426C3B1C50006FEC0 /* ContentView.swift */; };
		AED598C726C3B1CD0006FEC0 /* Assets.xcassets in Resources */ = {isa = PBXBuildFile; fileRef = AED598C626C3B1CD0006FEC0 /* Assets.xcassets */; };
		AED598CA26C3B1CD0006FEC0 /* Preview Assets.xcassets in Resources */ = {isa = PBXBuildFile; fileRef = AED598C926C3B1CD0006FEC0 /* Preview Assets.xcassets */; };
		AED598CD26C3B1CD0006FEC0 /* LaunchScreen.storyboard in Resources */ = {isa = PBXBuildFile; fileRef = AED598CB26C3B1CD0006FEC0 /* LaunchScreen.storyboard */; };
		AED598D626C3B3360006FEC0 /* GoogleService-Info.plist in Resources */ = {isa = PBXBuildFile; fileRef = AED598D526C3B3360006FEC0 /* GoogleService-Info.plist */; };
		AED598F426C3B61E0006FEC0 /* HomeView.swift in Sources */ = {isa = PBXBuildFile; fileRef = AED598F026C3B61E0006FEC0 /* HomeView.swift */; };
		AED598F526C3B61E0006FEC0 /* SignInView.swift in Sources */ = {isa = PBXBuildFile; fileRef = AED598F126C3B61E0006FEC0 /* SignInView.swift */; };
		AEE87C2726CC200C00F0FFE2 /* InfoListParentFalse.swift in Sources */ = {isa = PBXBuildFile; fileRef = AEE87C2626CC200C00F0FFE2 /* InfoListParentFalse.swift */; };
		AEF9265E26C848C000816AF1 /* PhotosView.swift in Sources */ = {isa = PBXBuildFile; fileRef = AEF9265D26C848C000816AF1 /* PhotosView.swift */; };
/* End PBXBuildFile section */

/* Begin PBXFileReference section */
		517AA6AA5795B876FE6BA021 /* Pods-CampApp.debug.xcconfig */ = {isa = PBXFileReference; includeInIndex = 1; lastKnownFileType = text.xcconfig; name = "Pods-CampApp.debug.xcconfig"; path = "Target Support Files/Pods-CampApp/Pods-CampApp.debug.xcconfig"; sourceTree = "<group>"; };
		AE25B1AA26C65D4D00577B92 /* BottomTabView.swift */ = {isa = PBXFileReference; lastKnownFileType = sourcecode.swift; path = BottomTabView.swift; sourceTree = "<group>"; };
		AE25B1AD26C6620400577B92 /* CampsView.swift */ = {isa = PBXFileReference; lastKnownFileType = sourcecode.swift; path = CampsView.swift; sourceTree = "<group>"; };
		AE25B1B026C6622F00577B92 /* UserPersonalView.swift */ = {isa = PBXFileReference; lastKnownFileType = sourcecode.swift; path = UserPersonalView.swift; sourceTree = "<group>"; };
		AE80C7EA26D3F5B000D22261 /* User.swift */ = {isa = PBXFileReference; lastKnownFileType = sourcecode.swift; path = User.swift; sourceTree = "<group>"; };
		AED598BD26C3B1C50006FEC0 /* CampApp.app */ = {isa = PBXFileReference; explicitFileType = wrapper.application; includeInIndex = 0; path = CampApp.app; sourceTree = BUILT_PRODUCTS_DIR; };
		AED598C026C3B1C50006FEC0 /* AppDelegate.swift */ = {isa = PBXFileReference; lastKnownFileType = sourcecode.swift; path = AppDelegate.swift; sourceTree = "<group>"; };
		AED598C226C3B1C50006FEC0 /* SceneDelegate.swift */ = {isa = PBXFileReference; lastKnownFileType = sourcecode.swift; path = SceneDelegate.swift; sourceTree = "<group>"; };
		AED598C426C3B1C50006FEC0 /* ContentView.swift */ = {isa = PBXFileReference; lastKnownFileType = sourcecode.swift; name = ContentView.swift; path = ../ContentView.swift; sourceTree = "<group>"; };
		AED598C626C3B1CD0006FEC0 /* Assets.xcassets */ = {isa = PBXFileReference; lastKnownFileType = folder.assetcatalog; path = Assets.xcassets; sourceTree = "<group>"; };
		AED598C926C3B1CD0006FEC0 /* Preview Assets.xcassets */ = {isa = PBXFileReference; lastKnownFileType = folder.assetcatalog; path = "Preview Assets.xcassets"; sourceTree = "<group>"; };
		AED598CC26C3B1CD0006FEC0 /* Base */ = {isa = PBXFileReference; lastKnownFileType = file.storyboard; name = Base; path = Base.lproj/LaunchScreen.storyboard; sourceTree = "<group>"; };
		AED598CE26C3B1CD0006FEC0 /* Info.plist */ = {isa = PBXFileReference; lastKnownFileType = text.plist.xml; path = Info.plist; sourceTree = "<group>"; };
		AED598D526C3B3360006FEC0 /* GoogleService-Info.plist */ = {isa = PBXFileReference; fileEncoding = 4; lastKnownFileType = text.plist.xml; path = "GoogleService-Info.plist"; sourceTree = "<group>"; };
		AED598F026C3B61E0006FEC0 /* HomeView.swift */ = {isa = PBXFileReference; fileEncoding = 4; lastKnownFileType = sourcecode.swift; path = HomeView.swift; sourceTree = "<group>"; };
		AED598F126C3B61E0006FEC0 /* SignInView.swift */ = {isa = PBXFileReference; fileEncoding = 4; lastKnownFileType = sourcecode.swift; path = SignInView.swift; sourceTree = "<group>"; };
		AEE87C2626CC200C00F0FFE2 /* InfoListParentFalse.swift */ = {isa = PBXFileReference; lastKnownFileType = sourcecode.swift; path = InfoListParentFalse.swift; sourceTree = "<group>"; };
		AEF9265D26C848C000816AF1 /* PhotosView.swift */ = {isa = PBXFileReference; lastKnownFileType = sourcecode.swift; path = PhotosView.swift; sourceTree = "<group>"; };
		C27538BF6964BED60F1E7C58 /* Pods_CampApp.framework */ = {isa = PBXFileReference; explicitFileType = wrapper.framework; includeInIndex = 0; path = Pods_CampApp.framework; sourceTree = BUILT_PRODUCTS_DIR; };
		E86FCC55CAA4A7293A9D2C50 /* Pods-CampApp.release.xcconfig */ = {isa = PBXFileReference; includeInIndex = 1; lastKnownFileType = text.xcconfig; name = "Pods-CampApp.release.xcconfig"; path = "Target Support Files/Pods-CampApp/Pods-CampApp.release.xcconfig"; sourceTree = "<group>"; };
/* End PBXFileReference section */

/* Begin PBXFrameworksBuildPhase section */
		AED598BA26C3B1C50006FEC0 /* Frameworks */ = {
			isa = PBXFrameworksBuildPhase;
			buildActionMask = 2147483647;
			files = (
				7408F31303D6B7D95DCA61BA /* Pods_CampApp.framework in Frameworks */,
			);
			runOnlyForDeploymentPostprocessing = 0;
		};
/* End PBXFrameworksBuildPhase section */

/* Begin PBXGroup section */
		231E0418836625D27F5D580A /* Pods */ = {
			isa = PBXGroup;
			children = (
				517AA6AA5795B876FE6BA021 /* Pods-CampApp.debug.xcconfig */,
				E86FCC55CAA4A7293A9D2C50 /* Pods-CampApp.release.xcconfig */,
			);
			path = Pods;
			sourceTree = "<group>";
		};
		AE25B1A226C65C2800577B92 /* Home */ = {
			isa = PBXGroup;
			children = (
				AED598F026C3B61E0006FEC0 /* HomeView.swift */,
				AEF9265D26C848C000816AF1 /* PhotosView.swift */,
				AEE87C2626CC200C00F0FFE2 /* InfoListParentFalse.swift */,
			);
			path = Home;
			sourceTree = "<group>";
		};
		AE25B1A326C65C4100577B92 /* Camps */ = {
			isa = PBXGroup;
			children = (
				AE25B1AD26C6620400577B92 /* CampsView.swift */,
			);
			path = Camps;
			sourceTree = "<group>";
		};
		AE25B1A426C65C4900577B92 /* User */ = {
			isa = PBXGroup;
			children = (
				AE25B1B026C6622F00577B92 /* UserPersonalView.swift */,
			);
			path = User;
			sourceTree = "<group>";
		};
		AED598B426C3B1C50006FEC0 = {
			isa = PBXGroup;
			children = (
				AED598BF26C3B1C50006FEC0 /* CampApp */,
				AED598BE26C3B1C50006FEC0 /* Products */,
				231E0418836625D27F5D580A /* Pods */,
				BAD3DB2E5E90FFD1A92D40E8 /* Frameworks */,
			);
			sourceTree = "<group>";
		};
		AED598BE26C3B1C50006FEC0 /* Products */ = {
			isa = PBXGroup;
			children = (
				AED598BD26C3B1C50006FEC0 /* CampApp.app */,
			);
			name = Products;
			sourceTree = "<group>";
		};
		AED598BF26C3B1C50006FEC0 /* CampApp */ = {
			isa = PBXGroup;
			children = (
				AED598C026C3B1C50006FEC0 /* AppDelegate.swift */,
				AED598C226C3B1C50006FEC0 /* SceneDelegate.swift */,
				AE80C7EA26D3F5B000D22261 /* User.swift */,
				AED598EF26C3B61E0006FEC0 /* View */,
				AED598C626C3B1CD0006FEC0 /* Assets.xcassets */,
				AED598CB26C3B1CD0006FEC0 /* LaunchScreen.storyboard */,
				AED598D526C3B3360006FEC0 /* GoogleService-Info.plist */,
				AED598CE26C3B1CD0006FEC0 /* Info.plist */,
				AED598C826C3B1CD0006FEC0 /* Preview Content */,
			);
			path = CampApp;
			sourceTree = "<group>";
		};
		AED598C826C3B1CD0006FEC0 /* Preview Content */ = {
			isa = PBXGroup;
			children = (
				AED598C926C3B1CD0006FEC0 /* Preview Assets.xcassets */,
			);
			path = "Preview Content";
			sourceTree = "<group>";
		};
		AED598EF26C3B61E0006FEC0 /* View */ = {
			isa = PBXGroup;
			children = (
				AE25B1A426C65C4900577B92 /* User */,
				AE25B1A326C65C4100577B92 /* Camps */,
				AE25B1A226C65C2800577B92 /* Home */,
				AED598C426C3B1C50006FEC0 /* ContentView.swift */,
				AED598F126C3B61E0006FEC0 /* SignInView.swift */,
				AE25B1AA26C65D4D00577B92 /* BottomTabView.swift */,
			);
			path = View;
			sourceTree = "<group>";
		};
		BAD3DB2E5E90FFD1A92D40E8 /* Frameworks */ = {
			isa = PBXGroup;
			children = (
				C27538BF6964BED60F1E7C58 /* Pods_CampApp.framework */,
			);
			name = Frameworks;
			sourceTree = "<group>";
		};
/* End PBXGroup section */

/* Begin PBXNativeTarget section */
		AED598BC26C3B1C50006FEC0 /* CampApp */ = {
			isa = PBXNativeTarget;
			buildConfigurationList = AED598D126C3B1CD0006FEC0 /* Build configuration list for PBXNativeTarget "CampApp" */;
			buildPhases = (
				F10C43696FA369161E1B128B /* [CP] Check Pods Manifest.lock */,
				AED598B926C3B1C50006FEC0 /* Sources */,
				AED598BA26C3B1C50006FEC0 /* Frameworks */,
				AED598BB26C3B1C50006FEC0 /* Resources */,
				8DB75113C7EC39D7AEC17997 /* [CP] Embed Pods Frameworks */,
			);
			buildRules = (
			);
			dependencies = (
			);
			name = CampApp;
			productName = CampApp;
			productReference = AED598BD26C3B1C50006FEC0 /* CampApp.app */;
			productType = "com.apple.product-type.application";
		};
/* End PBXNativeTarget section */

/* Begin PBXProject section */
		AED598B526C3B1C50006FEC0 /* Project object */ = {
			isa = PBXProject;
			attributes = {
				LastSwiftUpdateCheck = 1240;
				LastUpgradeCheck = 1240;
				TargetAttributes = {
					AED598BC26C3B1C50006FEC0 = {
						CreatedOnToolsVersion = 12.4;
					};
				};
			};
			buildConfigurationList = AED598B826C3B1C50006FEC0 /* Build configuration list for PBXProject "CampApp" */;
			compatibilityVersion = "Xcode 9.3";
			developmentRegion = en;
			hasScannedForEncodings = 0;
			knownRegions = (
				en,
				Base,
			);
			mainGroup = AED598B426C3B1C50006FEC0;
			productRefGroup = AED598BE26C3B1C50006FEC0 /* Products */;
			projectDirPath = "";
			projectRoot = "";
			targets = (
				AED598BC26C3B1C50006FEC0 /* CampApp */,
			);
		};
/* End PBXProject section */

/* Begin PBXResourcesBuildPhase section */
		AED598BB26C3B1C50006FEC0 /* Resources */ = {
			isa = PBXResourcesBuildPhase;
			buildActionMask = 2147483647;
			files = (
				AED598CD26C3B1CD0006FEC0 /* LaunchScreen.storyboard in Resources */,
				AED598D626C3B3360006FEC0 /* GoogleService-Info.plist in Resources */,
				AED598CA26C3B1CD0006FEC0 /* Preview Assets.xcassets in Resources */,
				AED598C726C3B1CD0006FEC0 /* Assets.xcassets in Resources */,
			);
			runOnlyForDeploymentPostprocessing = 0;
		};
/* End PBXResourcesBuildPhase section */

/* Begin PBXShellScriptBuildPhase section */
		8DB75113C7EC39D7AEC17997 /* [CP] Embed Pods Frameworks */ = {
			isa = PBXShellScriptBuildPhase;
			buildActionMask = 2147483647;
			files = (
			);
			inputFileListPaths = (
				"${PODS_ROOT}/Target Support Files/Pods-CampApp/Pods-CampApp-frameworks-${CONFIGURATION}-input-files.xcfilelist",
			);
			name = "[CP] Embed Pods Frameworks";
			outputFileListPaths = (
				"${PODS_ROOT}/Target Support Files/Pods-CampApp/Pods-CampApp-frameworks-${CONFIGURATION}-output-files.xcfilelist",
			);
			runOnlyForDeploymentPostprocessing = 0;
			shellPath = /bin/sh;
			shellScript = "\"${PODS_ROOT}/Target Support Files/Pods-CampApp/Pods-CampApp-frameworks.sh\"\n";
			showEnvVarsInLog = 0;
		};
		F10C43696FA369161E1B128B /* [CP] Check Pods Manifest.lock */ = {
			isa = PBXShellScriptBuildPhase;
			buildActionMask = 2147483647;
			files = (
			);
			inputFileListPaths = (
			);
			inputPaths = (
				"${PODS_PODFILE_DIR_PATH}/Podfile.lock",
				"${PODS_ROOT}/Manifest.lock",
			);
			name = "[CP] Check Pods Manifest.lock";
			outputFileListPaths = (
			);
			outputPaths = (
				"$(DERIVED_FILE_DIR)/Pods-CampApp-checkManifestLockResult.txt",
			);
			runOnlyForDeploymentPostprocessing = 0;
			shellPath = /bin/sh;
			shellScript = "diff \"${PODS_PODFILE_DIR_PATH}/Podfile.lock\" \"${PODS_ROOT}/Manifest.lock\" > /dev/null\nif [ $? != 0 ] ; then\n    # print error to STDERR\n    echo \"error: The sandbox is not in sync with the Podfile.lock. Run 'pod install' or update your CocoaPods installation.\" >&2\n    exit 1\nfi\n# This output is used by Xcode 'outputs' to avoid re-running this script phase.\necho \"SUCCESS\" > \"${SCRIPT_OUTPUT_FILE_0}\"\n";
			showEnvVarsInLog = 0;
		};
/* End PBXShellScriptBuildPhase section */

/* Begin PBXSourcesBuildPhase section */
		AED598B926C3B1C50006FEC0 /* Sources */ = {
			isa = PBXSourcesBuildPhase;
			buildActionMask = 2147483647;
			files = (
				AED598C126C3B1C50006FEC0 /* AppDelegate.swift in Sources */,
				AED598F426C3B61E0006FEC0 /* HomeView.swift in Sources */,
				AED598C326C3B1C50006FEC0 /* SceneDelegate.swift in Sources */,
				AE25B1AB26C65D4D00577B92 /* BottomTabView.swift in Sources */,
				AEE87C2726CC200C00F0FFE2 /* InfoListParentFalse.swift in Sources */,
				AED598C526C3B1C50006FEC0 /* ContentView.swift in Sources */,
				AE25B1AE26C6620400577B92 /* CampsView.swift in Sources */,
				AED598F526C3B61E0006FEC0 /* SignInView.swift in Sources */,
				AE80C7EB26D3F5B000D22261 /* User.swift in Sources */,
				AEF9265E26C848C000816AF1 /* PhotosView.swift in Sources */,
				AE25B1B126C6622F00577B92 /* UserPersonalView.swift in Sources */,
			);
			runOnlyForDeploymentPostprocessing = 0;
		};
/* End PBXSourcesBuildPhase section */

/* Begin PBXVariantGroup section */
		AED598CB26C3B1CD0006FEC0 /* LaunchScreen.storyboard */ = {
			isa = PBXVariantGroup;
			children = (
				AED598CC26C3B1CD0006FEC0 /* Base */,
			);
			name = LaunchScreen.storyboard;
			sourceTree = "<group>";
		};
/* End PBXVariantGroup section */

/* Begin XCBuildConfiguration section */
		AED598CF26C3B1CD0006FEC0 /* Debug */ = {
			isa = XCBuildConfiguration;
			buildSettings = {
				ALWAYS_SEARCH_USER_PATHS = NO;
				CLANG_ANALYZER_NONNULL = YES;
				CLANG_ANALYZER_NUMBER_OBJECT_CONVERSION = YES_AGGRESSIVE;
				CLANG_CXX_LANGUAGE_STANDARD = "gnu++14";
				CLANG_CXX_LIBRARY = "libc++";
				CLANG_ENABLE_MODULES = YES;
				CLANG_ENABLE_OBJC_ARC = YES;
				CLANG_ENABLE_OBJC_WEAK = YES;
				CLANG_WARN_BLOCK_CAPTURE_AUTORELEASING = YES;
				CLANG_WARN_BOOL_CONVERSION = YES;
				CLANG_WARN_COMMA = YES;
				CLANG_WARN_CONSTANT_CONVERSION = YES;
				CLANG_WARN_DEPRECATED_OBJC_IMPLEMENTATIONS = YES;
				CLANG_WARN_DIRECT_OBJC_ISA_USAGE = YES_ERROR;
				CLANG_WARN_DOCUMENTATION_COMMENTS = YES;
				CLANG_WARN_EMPTY_BODY = YES;
				CLANG_WARN_ENUM_CONVERSION = YES;
				CLANG_WARN_INFINITE_RECURSION = YES;
				CLANG_WARN_INT_CONVERSION = YES;
				CLANG_WARN_NON_LITERAL_NULL_CONVERSION = YES;
				CLANG_WARN_OBJC_IMPLICIT_RETAIN_SELF = YES;
				CLANG_WARN_OBJC_LITERAL_CONVERSION = YES;
				CLANG_WARN_OBJC_ROOT_CLASS = YES_ERROR;
				CLANG_WARN_QUOTED_INCLUDE_IN_FRAMEWORK_HEADER = YES;
				CLANG_WARN_RANGE_LOOP_ANALYSIS = YES;
				CLANG_WARN_STRICT_PROTOTYPES = YES;
				CLANG_WARN_SUSPICIOUS_MOVE = YES;
				CLANG_WARN_UNGUARDED_AVAILABILITY = YES_AGGRESSIVE;
				CLANG_WARN_UNREACHABLE_CODE = YES;
				CLANG_WARN__DUPLICATE_METHOD_MATCH = YES;
				COPY_PHASE_STRIP = NO;
				DEBUG_INFORMATION_FORMAT = dwarf;
				ENABLE_STRICT_OBJC_MSGSEND = YES;
				ENABLE_TESTABILITY = YES;
				GCC_C_LANGUAGE_STANDARD = gnu11;
				GCC_DYNAMIC_NO_PIC = NO;
				GCC_NO_COMMON_BLOCKS = YES;
				GCC_OPTIMIZATION_LEVEL = 0;
				GCC_PREPROCESSOR_DEFINITIONS = (
					"DEBUG=1",
					"$(inherited)",
				);
				GCC_WARN_64_TO_32_BIT_CONVERSION = YES;
				GCC_WARN_ABOUT_RETURN_TYPE = YES_ERROR;
				GCC_WARN_UNDECLARED_SELECTOR = YES;
				GCC_WARN_UNINITIALIZED_AUTOS = YES_AGGRESSIVE;
				GCC_WARN_UNUSED_FUNCTION = YES;
				GCC_WARN_UNUSED_VARIABLE = YES;
				IPHONEOS_DEPLOYMENT_TARGET = 14.1;
				MTL_ENABLE_DEBUG_INFO = INCLUDE_SOURCE;
				MTL_FAST_MATH = YES;
				ONLY_ACTIVE_ARCH = YES;
				SDKROOT = iphoneos;
				SWIFT_ACTIVE_COMPILATION_CONDITIONS = DEBUG;
				SWIFT_OPTIMIZATION_LEVEL = "-Onone";
			};
			name = Debug;
		};
		AED598D026C3B1CD0006FEC0 /* Release */ = {
			isa = XCBuildConfiguration;
			buildSettings = {
				ALWAYS_SEARCH_USER_PATHS = NO;
				CLANG_ANALYZER_NONNULL = YES;
				CLANG_ANALYZER_NUMBER_OBJECT_CONVERSION = YES_AGGRESSIVE;
				CLANG_CXX_LANGUAGE_STANDARD = "gnu++14";
				CLANG_CXX_LIBRARY = "libc++";
				CLANG_ENABLE_MODULES = YES;
				CLANG_ENABLE_OBJC_ARC = YES;
				CLANG_ENABLE_OBJC_WEAK = YES;
				CLANG_WARN_BLOCK_CAPTURE_AUTORELEASING = YES;
				CLANG_WARN_BOOL_CONVERSION = YES;
				CLANG_WARN_COMMA = YES;
				CLANG_WARN_CONSTANT_CONVERSION = YES;
				CLANG_WARN_DEPRECATED_OBJC_IMPLEMENTATIONS = YES;
				CLANG_WARN_DIRECT_OBJC_ISA_USAGE = YES_ERROR;
				CLANG_WARN_DOCUMENTATION_COMMENTS = YES;
				CLANG_WARN_EMPTY_BODY = YES;
				CLANG_WARN_ENUM_CONVERSION = YES;
				CLANG_WARN_INFINITE_RECURSION = YES;
				CLANG_WARN_INT_CONVERSION = YES;
				CLANG_WARN_NON_LITERAL_NULL_CONVERSION = YES;
				CLANG_WARN_OBJC_IMPLICIT_RETAIN_SELF = YES;
				CLANG_WARN_OBJC_LITERAL_CONVERSION = YES;
				CLANG_WARN_OBJC_ROOT_CLASS = YES_ERROR;
				CLANG_WARN_QUOTED_INCLUDE_IN_FRAMEWORK_HEADER = YES;
				CLANG_WARN_RANGE_LOOP_ANALYSIS = YES;
				CLANG_WARN_STRICT_PROTOTYPES = YES;
				CLANG_WARN_SUSPICIOUS_MOVE = YES;
				CLANG_WARN_UNGUARDED_AVAILABILITY = YES_AGGRESSIVE;
				CLANG_WARN_UNREACHABLE_CODE = YES;
				CLANG_WARN__DUPLICATE_METHOD_MATCH = YES;
				COPY_PHASE_STRIP = NO;
				DEBUG_INFORMATION_FORMAT = "dwarf-with-dsym";
				ENABLE_NS_ASSERTIONS = NO;
				ENABLE_STRICT_OBJC_MSGSEND = YES;
				GCC_C_LANGUAGE_STANDARD = gnu11;
				GCC_NO_COMMON_BLOCKS = YES;
				GCC_WARN_64_TO_32_BIT_CONVERSION = YES;
				GCC_WARN_ABOUT_RETURN_TYPE = YES_ERROR;
				GCC_WARN_UNDECLARED_SELECTOR = YES;
				GCC_WARN_UNINITIALIZED_AUTOS = YES_AGGRESSIVE;
				GCC_WARN_UNUSED_FUNCTION = YES;
				GCC_WARN_UNUSED_VARIABLE = YES;
				IPHONEOS_DEPLOYMENT_TARGET = 14.1;
				MTL_ENABLE_DEBUG_INFO = NO;
				MTL_FAST_MATH = YES;
				SDKROOT = iphoneos;
				SWIFT_COMPILATION_MODE = wholemodule;
				SWIFT_OPTIMIZATION_LEVEL = "-O";
				VALIDATE_PRODUCT = YES;
			};
			name = Release;
		};
		AED598D226C3B1CD0006FEC0 /* Debug */ = {
			isa = XCBuildConfiguration;
			baseConfigurationReference = 517AA6AA5795B876FE6BA021 /* Pods-CampApp.debug.xcconfig */;
			buildSettings = {
				ASSETCATALOG_COMPILER_APPICON_NAME = AppIcon;
				ASSETCATALOG_COMPILER_GLOBAL_ACCENT_COLOR_NAME = AccentColor;
				CODE_SIGN_STYLE = Automatic;
				DEVELOPMENT_ASSET_PATHS = "\"CampApp/Preview Content\"";
				DEVELOPMENT_TEAM = 53PV74K7DU;
				ENABLE_PREVIEWS = YES;
				INFOPLIST_FILE = CampApp/Info.plist;
				IPHONEOS_DEPLOYMENT_TARGET = 14.1;
				LD_RUNPATH_SEARCH_PATHS = (
					"$(inherited)",
					"@executable_path/Frameworks",
				);
				PRODUCT_BUNDLE_IDENTIFIER = dnurtdinov.CampApp;
				PRODUCT_NAME = "$(TARGET_NAME)";
				SWIFT_VERSION = 5.0;
				TARGETED_DEVICE_FAMILY = "1,2";
			};
			name = Debug;
		};
		AED598D326C3B1CD0006FEC0 /* Release */ = {
			isa = XCBuildConfiguration;
			baseConfigurationReference = E86FCC55CAA4A7293A9D2C50 /* Pods-CampApp.release.xcconfig */;
			buildSettings = {
				ASSETCATALOG_COMPILER_APPICON_NAME = AppIcon;
				ASSETCATALOG_COMPILER_GLOBAL_ACCENT_COLOR_NAME = AccentColor;
				CODE_SIGN_STYLE = Automatic;
				DEVELOPMENT_ASSET_PATHS = "\"CampApp/Preview Content\"";
				DEVELOPMENT_TEAM = 53PV74K7DU;
				ENABLE_PREVIEWS = YES;
				INFOPLIST_FILE = CampApp/Info.plist;
				IPHONEOS_DEPLOYMENT_TARGET = 14.1;
				LD_RUNPATH_SEARCH_PATHS = (
					"$(inherited)",
					"@executable_path/Frameworks",
				);
				PRODUCT_BUNDLE_IDENTIFIER = dnurtdinov.CampApp;
				PRODUCT_NAME = "$(TARGET_NAME)";
				SWIFT_VERSION = 5.0;
				TARGETED_DEVICE_FAMILY = "1,2";
			};
			name = Release;
		};
/* End XCBuildConfiguration section */

/* Begin XCConfigurationList section */
		AED598B826C3B1C50006FEC0 /* Build configuration list for PBXProject "CampApp" */ = {
			isa = XCConfigurationList;
			buildConfigurations = (
				AED598CF26C3B1CD0006FEC0 /* Debug */,
				AED598D026C3B1CD0006FEC0 /* Release */,
			);
			defaultConfigurationIsVisible = 0;
			defaultConfigurationName = Release;
		};
		AED598D126C3B1CD0006FEC0 /* Build configuration list for PBXNativeTarget "CampApp" */ = {
			isa = XCConfigurationList;
			buildConfigurations = (
				AED598D226C3B1CD0006FEC0 /* Debug */,
				AED598D326C3B1CD0006FEC0 /* Release */,
			);
			defaultConfigurationIsVisible = 0;
			defaultConfigurationName = Release;
		};
/* End XCConfigurationList section */
	};
	rootObject = AED598B526C3B1C50006FEC0 /* Project object */;
}
